<?xml version="1.0" encoding="utf-8"?>
<Project ToolsVersion="4.0" xmlns="http://schemas.microsoft.com/developer/msbuild/2003">
  <ItemGroup>
    <Filter Include="Source Files">
      <UniqueIdentifier>{4FC737F1-C7A5-4376-A066-2A32D752A2FF}</UniqueIdentifier>
      <Extensions>cpp;c;cc;cxx;def;odl;idl;hpj;bat;asm;asmx</Extensions>
    </Filter>
    <Filter Include="Header Files">
      <UniqueIdentifier>{93995380-89BD-4b04-88EB-625FBE52EBFB}</UniqueIdentifier>
      <Extensions>h;hh;hpp;hxx;hm;inl;inc;xsd</Extensions>
    </Filter>
    <Filter Include="Resource Files">
      <UniqueIdentifier>{67DA6AB6-F800-4c08-8B7A-83BB121AAD01}</UniqueIdentifier>
      <Extensions>rc;ico;cur;bmp;dlg;rc2;rct;bin;rgs;gif;jpg;jpeg;jpe;resx;tiff;tif;png;wav;mfcribbon-ms</Extensions>
    </Filter>
  </ItemGroup>
  <ItemGroup>
    <None Include="xbee-zha-arduino.ino" />
  </ItemGroup>
  <ItemGroup>
    <ClInclude Include="__vm\.xbee-zha-arduino.vsarduino.h">
      <Filter>Header Files</Filter>
    </ClInclude>
    <ClInclude Include="ZHA_Devices\LevelControlOutputDevice.h">
      <Filter>Header Files</Filter>
    </ClInclude>
    <ClInclude Include="ZHA_DeviceManager.h">
      <Filter>Header Files</Filter>
    </ClInclude>
    <ClInclude Include="ZHA_Devices\OnOffOutputDevice.h">
      <Filter>Header Files</Filter>
    </ClInclude>
    <ClInclude Include="ZHA_Utils.h">
      <Filter>Header Files</Filter>
    </ClInclude>
    <ClInclude Include="ZHA_Devices.h">
      <Filter>Header Files</Filter>
    </ClInclude>
    <ClInclude Include="ZHA_Clusters\ScenesCluster.h">
      <Filter>Header Files</Filter>
    </ClInclude>
    <ClInclude Include="ZHA_Clusters\IdentifyCluster.h">
      <Filter>Header Files</Filter>
    </ClInclude>
    <ClInclude Include="ZHA_Clusters\LevelControlCluster.h">
      <Filter>Header Files</Filter>
    </ClInclude>
    <ClInclude Include="ZHA_Clusters\OnOffCluster.h">
      <Filter>Header Files</Filter>
    </ClInclude>
    <ClInclude Include="ZHA_Clusters\BasicCluster.h">
      <Filter>Header Files</Filter>
    </ClInclude>
    <ClInclude Include="ZHA_Clusters\GroupsCluster.h">
      <Filter>Header Files</Filter>
    </ClInclude>
    <ClInclude Include="ZHA_Clusters.h">
      <Filter>Header Files</Filter>
    </ClInclude>
    <ClInclude Include="ZHA_Attributes.h">
      <Filter>Header Files</Filter>
    </ClInclude>
    <ClInclude Include="XBee.h">
      <Filter>Header Files</Filter>
    </ClInclude>
    <ClInclude Include="Printers.h">
      <Filter>Header Files</Filter>
    </ClInclude>
    <ClInclude Include="XBeeConfig.h">
      <Filter>Header Files</Filter>
    </ClInclude>
    <ClInclude Include="support.h">
      <Filter>Header Files</Filter>
    </ClInclude>
  </ItemGroup>
  <ItemGroup>
    <ClCompile Include="Printers.cpp">
      <Filter>Source Files</Filter>
    </ClCompile>
    <ClCompile Include="ZHA_Utils.cpp">
      <Filter>Source Files</Filter>
    </ClCompile>
    <ClCompile Include="ZHA_Devices.cpp">
      <Filter>Source Files</Filter>
    </ClCompile>
    <ClCompile Include="ZHA_DeviceManager.cpp">
      <Filter>Source Files</Filter>
    </ClCompile>
    <ClCompile Include="ZHA_Clusters.cpp">
      <Filter>Source Files</Filter>
    </ClCompile>
    <ClCompile Include="ZHA_Attributes.cpp">
      <Filter>Source Files</Filter>
    </ClCompile>
    <ClCompile Include="XBee.cpp">
      <Filter>Source Files</Filter>
    </ClCompile>
  </ItemGroup>
</Project>